# This file is generated by running "yarn install" inside your project.
# Manual changes might be lost - proceed with caution!

__metadata:
  version: 5
  cacheKey: 8

"@types/jquery@npm:*":
  version: 3.5.10
  resolution: "@types/jquery@npm:3.5.10"
  dependencies:
    "@types/sizzle": "*"
  checksum: 8ac37fd113680bfe63748f28b438e4e0119342bdb5d7f94851a4178607b5c097a0b23bd2d17f9c390972a5d4c04247b5d1b806eb52b50ea1085b50629db8057d
  languageName: node
  linkType: hard

"@types/select2@npm:^4.0.54":
  version: 4.0.54
  resolution: "@types/select2@npm:4.0.54"
  dependencies:
    "@types/jquery": "*"
  checksum: 3dcdfed597d4c6a6c8a96852f8fa1754ecf2a89404c21e1571a3e4c96db47268dfa33221c295128f2e50e9ea1e830c4e5a86049eb93b177ace84faea2b623772
  languageName: node
  linkType: hard

"@types/sizzle@npm:*":
  version: 2.3.3
  resolution: "@types/sizzle@npm:2.3.3"
  checksum: 586a9fb1f6ff3e325e0f2cc1596a460615f0bc8a28f6e276ac9b509401039dd242fa8b34496d3a30c52f5b495873922d09a9e76c50c2ab2bcc70ba3fb9c4e160
  languageName: node
  linkType: hard

"root-workspace-0b6124@workspace:.":
  version: 0.0.0-use.local
  resolution: "root-workspace-0b6124@workspace:."
  dependencies:
    "@types/select2": ^4.0.54
  languageName: unknown
  linkType: soft
